// !$*UTF8*$!
{
	archiveVersion = 1;
	classes = {
	};
	objectVersion = 77;
	objects = {

/* Begin PBXBuildFile section */
		1A1A619BFA10CCDDC86289D8 /* Pods_ProductsApp.framework in Frameworks */ = {isa = PBXBuildFile; fileRef = 4197C9742E900500F4408DE4 /* Pods_ProductsApp.framework */; };
		1AC5A54F5355BE3CEA761A57 /* Pods_ProductsAppTests.framework in Frameworks */ = {isa = PBXBuildFile; fileRef = CDE1BB3ED5044E93FE49CF73 /* Pods_ProductsAppTests.framework */; };
		A476EEB85B60E3F08EA9676D /* Pods_ProductsApp_ProductsAppUITests.framework in Frameworks */ = {isa = PBXBuildFile; fileRef = 3FB709194F0CF4CE9E62D7C4 /* Pods_ProductsApp_ProductsAppUITests.framework */; };
/* End PBXBuildFile section */

/* Begin PBXContainerItemProxy section */
		3E0C35FC2D2F893D003B669D /* PBXContainerItemProxy */ = {
			isa = PBXContainerItemProxy;
			containerPortal = 3E0C35DD2D2F8939003B669D /* Project object */;
			proxyType = 1;
			remoteGlobalIDString = 3E0C35E42D2F8939003B669D;
			remoteInfo = ProductsApp;
		};
		3E0C36062D2F893D003B669D /* PBXContainerItemProxy */ = {
			isa = PBXContainerItemProxy;
			containerPortal = 3E0C35DD2D2F8939003B669D /* Project object */;
			proxyType = 1;
			remoteGlobalIDString = 3E0C35E42D2F8939003B669D;
			remoteInfo = ProductsApp;
		};
/* End PBXContainerItemProxy section */

/* Begin PBXFileReference section */
		0F6B0522B7ADC9B5D8679CF3 /* Pods-ProductsApp-ProductsAppUITests.debug.xcconfig */ = {isa = PBXFileReference; includeInIndex = 1; lastKnownFileType = text.xcconfig; name = "Pods-ProductsApp-ProductsAppUITests.debug.xcconfig"; path = "Target Support Files/Pods-ProductsApp-ProductsAppUITests/Pods-ProductsApp-ProductsAppUITests.debug.xcconfig"; sourceTree = "<group>"; };
		22BAE07BDF798A22D2D0A2C6 /* Pods-ProductsAppTests.release.xcconfig */ = {isa = PBXFileReference; includeInIndex = 1; lastKnownFileType = text.xcconfig; name = "Pods-ProductsAppTests.release.xcconfig"; path = "Target Support Files/Pods-ProductsAppTests/Pods-ProductsAppTests.release.xcconfig"; sourceTree = "<group>"; };
		3E0C35E52D2F8939003B669D /* ProductsApp.app */ = {isa = PBXFileReference; explicitFileType = wrapper.application; includeInIndex = 0; path = ProductsApp.app; sourceTree = BUILT_PRODUCTS_DIR; };
		3E0C35FB2D2F893D003B669D /* ProductsAppTests.xctest */ = {isa = PBXFileReference; explicitFileType = wrapper.cfbundle; includeInIndex = 0; path = ProductsAppTests.xctest; sourceTree = BUILT_PRODUCTS_DIR; };
		3E0C36052D2F893D003B669D /* ProductsAppUITests.xctest */ = {isa = PBXFileReference; explicitFileType = wrapper.cfbundle; includeInIndex = 0; path = ProductsAppUITests.xctest; sourceTree = BUILT_PRODUCTS_DIR; };
		3FB709194F0CF4CE9E62D7C4 /* Pods_ProductsApp_ProductsAppUITests.framework */ = {isa = PBXFileReference; explicitFileType = wrapper.framework; includeInIndex = 0; path = Pods_ProductsApp_ProductsAppUITests.framework; sourceTree = BUILT_PRODUCTS_DIR; };
		4197C9742E900500F4408DE4 /* Pods_ProductsApp.framework */ = {isa = PBXFileReference; explicitFileType = wrapper.framework; includeInIndex = 0; path = Pods_ProductsApp.framework; sourceTree = BUILT_PRODUCTS_DIR; };
		4485DEAC2E12C9BF9C94F9C5 /* Pods-ProductsApp.debug.xcconfig */ = {isa = PBXFileReference; includeInIndex = 1; lastKnownFileType = text.xcconfig; name = "Pods-ProductsApp.debug.xcconfig"; path = "Target Support Files/Pods-ProductsApp/Pods-ProductsApp.debug.xcconfig"; sourceTree = "<group>"; };
		7CD2268F1185539AF9187A0A /* Pods-ProductsAppTests.debug.xcconfig */ = {isa = PBXFileReference; includeInIndex = 1; lastKnownFileType = text.xcconfig; name = "Pods-ProductsAppTests.debug.xcconfig"; path = "Target Support Files/Pods-ProductsAppTests/Pods-ProductsAppTests.debug.xcconfig"; sourceTree = "<group>"; };
		8F677AF79A1CB3BAE65C9B56 /* Pods-ProductsApp.release.xcconfig */ = {isa = PBXFileReference; includeInIndex = 1; lastKnownFileType = text.xcconfig; name = "Pods-ProductsApp.release.xcconfig"; path = "Target Support Files/Pods-ProductsApp/Pods-ProductsApp.release.xcconfig"; sourceTree = "<group>"; };
		CDE1BB3ED5044E93FE49CF73 /* Pods_ProductsAppTests.framework */ = {isa = PBXFileReference; explicitFileType = wrapper.framework; includeInIndex = 0; path = Pods_ProductsAppTests.framework; sourceTree = BUILT_PRODUCTS_DIR; };
		D59DE4DA2CD8D0E53AD9513B /* Pods-ProductsApp-ProductsAppUITests.release.xcconfig */ = {isa = PBXFileReference; includeInIndex = 1; lastKnownFileType = text.xcconfig; name = "Pods-ProductsApp-ProductsAppUITests.release.xcconfig"; path = "Target Support Files/Pods-ProductsApp-ProductsAppUITests/Pods-ProductsApp-ProductsAppUITests.release.xcconfig"; sourceTree = "<group>"; };
/* End PBXFileReference section */

/* Begin PBXFileSystemSynchronizedBuildFileExceptionSet section */
		3E0C360D2D2F893D003B669D /* Exceptions for "ProductsApp" folder in "ProductsApp" target */ = {
			isa = PBXFileSystemSynchronizedBuildFileExceptionSet;
			membershipExceptions = (
				"Supporting Files/Info.plist",
			);
			target = 3E0C35E42D2F8939003B669D /* ProductsApp */;
		};
		3E0C36812D2F8CA9003B669D /* Exceptions for "ProductsApp" folder in "ProductsAppTests" target */ = {
			isa = PBXFileSystemSynchronizedBuildFileExceptionSet;
			membershipExceptions = (
				"/Localized: Resources/Localizable.strings",
				Presentation/Menu/MenuViewController.xib,
				Presentation/ProductDetail/ProductDetailViewController.swift,
				Presentation/ProductDetail/ProductDetailViewController.xib,
				Presentation/ProductDetail/ProductDetailViewData.swift,
				Presentation/ProductDetail/ProductDetailViewModel.swift,
				Presentation/Products/ProductCell/ProductCellView.xib,
				Presentation/Products/ProductsViewController.xib,
				Resources/Assets/Colors.xcassets,
				"Resources/Fonts/MuseoSans-300.otf",
				"Resources/Fonts/MuseoSans-500.otf",
				"Resources/Fonts/MuseoSans-700.otf",
				UIComponents/OptionView/OptionView.xib,
			);
			target = 3E0C35FA2D2F893D003B669D /* ProductsAppTests */;
		};
		3E0C36822D2F8CA9003B669D /* Exceptions for "ProductsApp" folder in "ProductsAppUITests" target */ = {
			isa = PBXFileSystemSynchronizedBuildFileExceptionSet;
			membershipExceptions = (
				"/Localized: Resources/Localizable.strings",
				Presentation/Menu/MenuViewController.xib,
				Presentation/ProductDetail/ProductDetailViewController.swift,
				Presentation/ProductDetail/ProductDetailViewController.xib,
				Presentation/ProductDetail/ProductDetailViewData.swift,
				Presentation/ProductDetail/ProductDetailViewModel.swift,
				Presentation/Products/ProductCell/ProductCellView.xib,
				Presentation/Products/ProductsViewController.xib,
				Resources/Assets/Colors.xcassets,
				"Resources/Fonts/MuseoSans-300.otf",
				"Resources/Fonts/MuseoSans-500.otf",
				"Resources/Fonts/MuseoSans-700.otf",
				UIComponents/OptionView/OptionView.xib,
			);
			target = 3E0C36042D2F893D003B669D /* ProductsAppUITests */;
		};
/* End PBXFileSystemSynchronizedBuildFileExceptionSet section */

/* Begin PBXFileSystemSynchronizedRootGroup section */
		3E0C35E72D2F8939003B669D /* ProductsApp */ = {
			isa = PBXFileSystemSynchronizedRootGroup;
			exceptions = (
				3E0C360D2D2F893D003B669D /* Exceptions for "ProductsApp" folder in "ProductsApp" target */,
				3E0C36812D2F8CA9003B669D /* Exceptions for "ProductsApp" folder in "ProductsAppTests" target */,
				3E0C36822D2F8CA9003B669D /* Exceptions for "ProductsApp" folder in "ProductsAppUITests" target */,
			);
			path = ProductsApp;
			sourceTree = "<group>";
		};
		3E0C35FE2D2F893D003B669D /* ProductsAppTests */ = {
			isa = PBXFileSystemSynchronizedRootGroup;
			path = ProductsAppTests;
			sourceTree = "<group>";
		};
		3E0C36082D2F893D003B669D /* ProductsAppUITests */ = {
			isa = PBXFileSystemSynchronizedRootGroup;
			path = ProductsAppUITests;
			sourceTree = "<group>";
		};
/* End PBXFileSystemSynchronizedRootGroup section */

/* Begin PBXFrameworksBuildPhase section */
		3E0C35E22D2F8939003B669D /* Frameworks */ = {
			isa = PBXFrameworksBuildPhase;
			buildActionMask = 2147483647;
			files = (
				1A1A619BFA10CCDDC86289D8 /* Pods_ProductsApp.framework in Frameworks */,
			);
			runOnlyForDeploymentPostprocessing = 0;
		};
		3E0C35F82D2F893D003B669D /* Frameworks */ = {
			isa = PBXFrameworksBuildPhase;
			buildActionMask = 2147483647;
			files = (
				1AC5A54F5355BE3CEA761A57 /* Pods_ProductsAppTests.framework in Frameworks */,
			);
			runOnlyForDeploymentPostprocessing = 0;
		};
		3E0C36022D2F893D003B669D /* Frameworks */ = {
			isa = PBXFrameworksBuildPhase;
			buildActionMask = 2147483647;
			files = (
				A476EEB85B60E3F08EA9676D /* Pods_ProductsApp_ProductsAppUITests.framework in Frameworks */,
			);
			runOnlyForDeploymentPostprocessing = 0;
		};
/* End PBXFrameworksBuildPhase section */

/* Begin PBXGroup section */
		3E0C35DC2D2F8939003B669D = {
			isa = PBXGroup;
			children = (
				3E0C35E72D2F8939003B669D /* ProductsApp */,
				3E0C35FE2D2F893D003B669D /* ProductsAppTests */,
				3E0C36082D2F893D003B669D /* ProductsAppUITests */,
				3E0C35E62D2F8939003B669D /* Products */,
				626341466537B526C8CDA5CA /* Pods */,
				D9EB144C184ACF75DAC241E6 /* Frameworks */,
			);
			sourceTree = "<group>";
		};
		3E0C35E62D2F8939003B669D /* Products */ = {
			isa = PBXGroup;
			children = (
				3E0C35E52D2F8939003B669D /* ProductsApp.app */,
				3E0C35FB2D2F893D003B669D /* ProductsAppTests.xctest */,
				3E0C36052D2F893D003B669D /* ProductsAppUITests.xctest */,
			);
			name = Products;
			sourceTree = "<group>";
		};
		626341466537B526C8CDA5CA /* Pods */ = {
			isa = PBXGroup;
			children = (
				4485DEAC2E12C9BF9C94F9C5 /* Pods-ProductsApp.debug.xcconfig */,
				8F677AF79A1CB3BAE65C9B56 /* Pods-ProductsApp.release.xcconfig */,
				0F6B0522B7ADC9B5D8679CF3 /* Pods-ProductsApp-ProductsAppUITests.debug.xcconfig */,
				D59DE4DA2CD8D0E53AD9513B /* Pods-ProductsApp-ProductsAppUITests.release.xcconfig */,
				7CD2268F1185539AF9187A0A /* Pods-ProductsAppTests.debug.xcconfig */,
				22BAE07BDF798A22D2D0A2C6 /* Pods-ProductsAppTests.release.xcconfig */,
			);
			path = Pods;
			sourceTree = "<group>";
		};
		D9EB144C184ACF75DAC241E6 /* Frameworks */ = {
			isa = PBXGroup;
			children = (
				4197C9742E900500F4408DE4 /* Pods_ProductsApp.framework */,
				3FB709194F0CF4CE9E62D7C4 /* Pods_ProductsApp_ProductsAppUITests.framework */,
				CDE1BB3ED5044E93FE49CF73 /* Pods_ProductsAppTests.framework */,
			);
			name = Frameworks;
			sourceTree = "<group>";
		};
/* End PBXGroup section */

/* Begin PBXNativeTarget section */
		3E0C35E42D2F8939003B669D /* ProductsApp */ = {
			isa = PBXNativeTarget;
			buildConfigurationList = 3E0C360E2D2F893D003B669D /* Build configuration list for PBXNativeTarget "ProductsApp" */;
			buildPhases = (
				AEDD2DE49A8ECD593F7C1FA8 /* [CP] Check Pods Manifest.lock */,
				3E0C35E12D2F8939003B669D /* Sources */,
				3E0C35E22D2F8939003B669D /* Frameworks */,
				3E0C35E32D2F8939003B669D /* Resources */,
				AF153FD8450FB0FAE98BBA14 /* [CP] Embed Pods Frameworks */,
			);
			buildRules = (
			);
			dependencies = (
			);
			fileSystemSynchronizedGroups = (
				3E0C35E72D2F8939003B669D /* ProductsApp */,
			);
			name = ProductsApp;
			productName = ProductsApp;
			productReference = 3E0C35E52D2F8939003B669D /* ProductsApp.app */;
			productType = "com.apple.product-type.application";
		};
		3E0C35FA2D2F893D003B669D /* ProductsAppTests */ = {
			isa = PBXNativeTarget;
			buildConfigurationList = 3E0C36132D2F893D003B669D /* Build configuration list for PBXNativeTarget "ProductsAppTests" */;
			buildPhases = (
				5200BA34628C18FF32DE3AF7 /* [CP] Check Pods Manifest.lock */,
				3E0C35F72D2F893D003B669D /* Sources */,
				3E0C35F82D2F893D003B669D /* Frameworks */,
				3E0C35F92D2F893D003B669D /* Resources */,
			);
			buildRules = (
			);
			dependencies = (
				3E0C35FD2D2F893D003B669D /* PBXTargetDependency */,
			);
			fileSystemSynchronizedGroups = (
				3E0C35FE2D2F893D003B669D /* ProductsAppTests */,
			);
			name = ProductsAppTests;
			productName = ProductsAppTests;
			productReference = 3E0C35FB2D2F893D003B669D /* ProductsAppTests.xctest */;
			productType = "com.apple.product-type.bundle.unit-test";
		};
		3E0C36042D2F893D003B669D /* ProductsAppUITests */ = {
			isa = PBXNativeTarget;
			buildConfigurationList = 3E0C36162D2F893D003B669D /* Build configuration list for PBXNativeTarget "ProductsAppUITests" */;
			buildPhases = (
				B7635F2360A3D09DD4237E32 /* [CP] Check Pods Manifest.lock */,
				3E0C36012D2F893D003B669D /* Sources */,
				3E0C36022D2F893D003B669D /* Frameworks */,
				3E0C36032D2F893D003B669D /* Resources */,
				397E8164EA824864A26704EF /* [CP] Embed Pods Frameworks */,
			);
			buildRules = (
			);
			dependencies = (
				3E0C36072D2F893D003B669D /* PBXTargetDependency */,
			);
			fileSystemSynchronizedGroups = (
				3E0C36082D2F893D003B669D /* ProductsAppUITests */,
			);
			name = ProductsAppUITests;
			productName = ProductsAppUITests;
			productReference = 3E0C36052D2F893D003B669D /* ProductsAppUITests.xctest */;
			productType = "com.apple.product-type.bundle.ui-testing";
		};
/* End PBXNativeTarget section */

/* Begin PBXProject section */
		3E0C35DD2D2F8939003B669D /* Project object */ = {
			isa = PBXProject;
			attributes = {
				BuildIndependentTargetsInParallel = 1;
				LastSwiftUpdateCheck = 1620;
				LastUpgradeCheck = 1620;
				TargetAttributes = {
					3E0C35E42D2F8939003B669D = {
						CreatedOnToolsVersion = 16.2;
					};
					3E0C35FA2D2F893D003B669D = {
						CreatedOnToolsVersion = 16.2;
						TestTargetID = 3E0C35E42D2F8939003B669D;
					};
					3E0C36042D2F893D003B669D = {
						CreatedOnToolsVersion = 16.2;
						TestTargetID = 3E0C35E42D2F8939003B669D;
					};
				};
			};
			buildConfigurationList = 3E0C35E02D2F8939003B669D /* Build configuration list for PBXProject "ProductsApp" */;
			developmentRegion = en;
			hasScannedForEncodings = 0;
			knownRegions = (
				en,
				Base,
			);
			mainGroup = 3E0C35DC2D2F8939003B669D;
			minimizedProjectReferenceProxies = 1;
			preferredProjectObjectVersion = 77;
			productRefGroup = 3E0C35E62D2F8939003B669D /* Products */;
			projectDirPath = "";
			projectRoot = "";
			targets = (
				3E0C35E42D2F8939003B669D /* ProductsApp */,
				3E0C35FA2D2F893D003B669D /* ProductsAppTests */,
				3E0C36042D2F893D003B669D /* ProductsAppUITests */,
			);
		};
/* End PBXProject section */

/* Begin PBXResourcesBuildPhase section */
		3E0C35E32D2F8939003B669D /* Resources */ = {
			isa = PBXResourcesBuildPhase;
			buildActionMask = 2147483647;
			files = (
			);
			runOnlyForDeploymentPostprocessing = 0;
		};
		3E0C35F92D2F893D003B669D /* Resources */ = {
			isa = PBXResourcesBuildPhase;
			buildActionMask = 2147483647;
			files = (
			);
			runOnlyForDeploymentPostprocessing = 0;
		};
		3E0C36032D2F893D003B669D /* Resources */ = {
			isa = PBXResourcesBuildPhase;
			buildActionMask = 2147483647;
			files = (
			);
			runOnlyForDeploymentPostprocessing = 0;
		};
/* End PBXResourcesBuildPhase section */

/* Begin PBXShellScriptBuildPhase section */
		397E8164EA824864A26704EF /* [CP] Embed Pods Frameworks */ = {
			isa = PBXShellScriptBuildPhase;
			buildActionMask = 2147483647;
			files = (
			);
			inputFileListPaths = (
				"${PODS_ROOT}/Target Support Files/Pods-ProductsApp-ProductsAppUITests/Pods-ProductsApp-ProductsAppUITests-frameworks-${CONFIGURATION}-input-files.xcfilelist",
			);
			name = "[CP] Embed Pods Frameworks";
			outputFileListPaths = (
				"${PODS_ROOT}/Target Support Files/Pods-ProductsApp-ProductsAppUITests/Pods-ProductsApp-ProductsAppUITests-frameworks-${CONFIGURATION}-output-files.xcfilelist",
			);
			runOnlyForDeploymentPostprocessing = 0;
			shellPath = /bin/sh;
			shellScript = "\"${PODS_ROOT}/Target Support Files/Pods-ProductsApp-ProductsAppUITests/Pods-ProductsApp-ProductsAppUITests-frameworks.sh\"\n";
			showEnvVarsInLog = 0;
		};
		5200BA34628C18FF32DE3AF7 /* [CP] Check Pods Manifest.lock */ = {
			isa = PBXShellScriptBuildPhase;
			buildActionMask = 2147483647;
			files = (
			);
			inputFileListPaths = (
			);
			inputPaths = (
				"${PODS_PODFILE_DIR_PATH}/Podfile.lock",
				"${PODS_ROOT}/Manifest.lock",
			);
			name = "[CP] Check Pods Manifest.lock";
			outputFileListPaths = (
			);
			outputPaths = (
				"$(DERIVED_FILE_DIR)/Pods-ProductsAppTests-checkManifestLockResult.txt",
			);
			runOnlyForDeploymentPostprocessing = 0;
			shellPath = /bin/sh;
			shellScript = "diff \"${PODS_PODFILE_DIR_PATH}/Podfile.lock\" \"${PODS_ROOT}/Manifest.lock\" > /dev/null\nif [ $? != 0 ] ; then\n    # print error to STDERR\n    echo \"error: The sandbox is not in sync with the Podfile.lock. Run 'pod install' or update your CocoaPods installation.\" >&2\n    exit 1\nfi\n# This output is used by Xcode 'outputs' to avoid re-running this script phase.\necho \"SUCCESS\" > \"${SCRIPT_OUTPUT_FILE_0}\"\n";
			showEnvVarsInLog = 0;
		};
		AEDD2DE49A8ECD593F7C1FA8 /* [CP] Check Pods Manifest.lock */ = {
			isa = PBXShellScriptBuildPhase;
			buildActionMask = 2147483647;
			files = (
			);
			inputFileListPaths = (
			);
			inputPaths = (
				"${PODS_PODFILE_DIR_PATH}/Podfile.lock",
				"${PODS_ROOT}/Manifest.lock",
			);
			name = "[CP] Check Pods Manifest.lock";
			outputFileListPaths = (
			);
			outputPaths = (
				"$(DERIVED_FILE_DIR)/Pods-ProductsApp-checkManifestLockResult.txt",
			);
			runOnlyForDeploymentPostprocessing = 0;
			shellPath = /bin/sh;
			shellScript = "diff \"${PODS_PODFILE_DIR_PATH}/Podfile.lock\" \"${PODS_ROOT}/Manifest.lock\" > /dev/null\nif [ $? != 0 ] ; then\n    # print error to STDERR\n    echo \"error: The sandbox is not in sync with the Podfile.lock. Run 'pod install' or update your CocoaPods installation.\" >&2\n    exit 1\nfi\n# This output is used by Xcode 'outputs' to avoid re-running this script phase.\necho \"SUCCESS\" > \"${SCRIPT_OUTPUT_FILE_0}\"\n";
			showEnvVarsInLog = 0;
		};
		AF153FD8450FB0FAE98BBA14 /* [CP] Embed Pods Frameworks */ = {
			isa = PBXShellScriptBuildPhase;
			buildActionMask = 2147483647;
			files = (
			);
			inputFileListPaths = (
				"${PODS_ROOT}/Target Support Files/Pods-ProductsApp/Pods-ProductsApp-frameworks-${CONFIGURATION}-input-files.xcfilelist",
			);
			name = "[CP] Embed Pods Frameworks";
			outputFileListPaths = (
				"${PODS_ROOT}/Target Support Files/Pods-ProductsApp/Pods-ProductsApp-frameworks-${CONFIGURATION}-output-files.xcfilelist",
			);
			runOnlyForDeploymentPostprocessing = 0;
			shellPath = /bin/sh;
			shellScript = "\"${PODS_ROOT}/Target Support Files/Pods-ProductsApp/Pods-ProductsApp-frameworks.sh\"\n";
			showEnvVarsInLog = 0;
		};
		B7635F2360A3D09DD4237E32 /* [CP] Check Pods Manifest.lock */ = {
			isa = PBXShellScriptBuildPhase;
			buildActionMask = 2147483647;
			files = (
			);
			inputFileListPaths = (
			);
			inputPaths = (
				"${PODS_PODFILE_DIR_PATH}/Podfile.lock",
				"${PODS_ROOT}/Manifest.lock",
			);
			name = "[CP] Check Pods Manifest.lock";
			outputFileListPaths = (
			);
			outputPaths = (
				"$(DERIVED_FILE_DIR)/Pods-ProductsApp-ProductsAppUITests-checkManifestLockResult.txt",
			);
			runOnlyForDeploymentPostprocessing = 0;
			shellPath = /bin/sh;
			shellScript = "diff \"${PODS_PODFILE_DIR_PATH}/Podfile.lock\" \"${PODS_ROOT}/Manifest.lock\" > /dev/null\nif [ $? != 0 ] ; then\n    # print error to STDERR\n    echo \"error: The sandbox is not in sync with the Podfile.lock. Run 'pod install' or update your CocoaPods installation.\" >&2\n    exit 1\nfi\n# This output is used by Xcode 'outputs' to avoid re-running this script phase.\necho \"SUCCESS\" > \"${SCRIPT_OUTPUT_FILE_0}\"\n";
			showEnvVarsInLog = 0;
		};
/* End PBXShellScriptBuildPhase section */

/* Begin PBXSourcesBuildPhase section */
		3E0C35E12D2F8939003B669D /* Sources */ = {
			isa = PBXSourcesBuildPhase;
			buildActionMask = 2147483647;
			files = (
			);
			runOnlyForDeploymentPostprocessing = 0;
		};
		3E0C35F72D2F893D003B669D /* Sources */ = {
			isa = PBXSourcesBuildPhase;
			buildActionMask = 2147483647;
			files = (
			);
			runOnlyForDeploymentPostprocessing = 0;
		};
		3E0C36012D2F893D003B669D /* Sources */ = {
			isa = PBXSourcesBuildPhase;
			buildActionMask = 2147483647;
			files = (
			);
			runOnlyForDeploymentPostprocessing = 0;
		};
/* End PBXSourcesBuildPhase section */

/* Begin PBXTargetDependency section */
		3E0C35FD2D2F893D003B669D /* PBXTargetDependency */ = {
			isa = PBXTargetDependency;
			target = 3E0C35E42D2F8939003B669D /* ProductsApp */;
			targetProxy = 3E0C35FC2D2F893D003B669D /* PBXContainerItemProxy */;
		};
		3E0C36072D2F893D003B669D /* PBXTargetDependency */ = {
			isa = PBXTargetDependency;
			target = 3E0C35E42D2F8939003B669D /* ProductsApp */;
			targetProxy = 3E0C36062D2F893D003B669D /* PBXContainerItemProxy */;
		};
/* End PBXTargetDependency section */

/* Begin XCBuildConfiguration section */
		3E0C360F2D2F893D003B669D /* Debug */ = {
			isa = XCBuildConfiguration;
			baseConfigurationReference = 4485DEAC2E12C9BF9C94F9C5 /* Pods-ProductsApp.debug.xcconfig */;
			buildSettings = {
				ASSETCATALOG_COMPILER_APPICON_NAME = AppIcon;
				ASSETCATALOG_COMPILER_GLOBAL_ACCENT_COLOR_NAME = AccentColor;
				CODE_SIGN_STYLE = Manual;
				CURRENT_PROJECT_VERSION = 1;
				DEVELOPMENT_TEAM = "";
				ENABLE_USER_SCRIPT_SANDBOXING = NO;
				GENERATE_INFOPLIST_FILE = YES;
				INFOPLIST_FILE = "ProductsApp/Supporting Files/Info.plist";
				INFOPLIST_KEY_UIApplicationSupportsIndirectInputEvents = YES;
				INFOPLIST_KEY_UILaunchStoryboardName = LaunchScreen;
				INFOPLIST_KEY_UIMainStoryboardFile = Main;
				INFOPLIST_KEY_UISupportedInterfaceOrientations = UIInterfaceOrientationPortrait;
				INFOPLIST_KEY_UIUserInterfaceStyle = Light;
				LD_RUNPATH_SEARCH_PATHS = (
					"$(inherited)",
					"@executable_path/Frameworks",
				);
				MARKETING_VERSION = 1.0;
				PRODUCT_BUNDLE_IDENTIFIER = com.tc.ProductsApp;
				PRODUCT_NAME = "$(TARGET_NAME)";
				PROVISIONING_PROFILE_SPECIFIER = "";
				SUPPORTED_PLATFORMS = "iphoneos iphonesimulator";
				SUPPORTS_MACCATALYST = NO;
				SUPPORTS_MAC_DESIGNED_FOR_IPHONE_IPAD = NO;
				SUPPORTS_XR_DESIGNED_FOR_IPHONE_IPAD = NO;
				SWIFT_EMIT_LOC_STRINGS = YES;
				SWIFT_VERSION = 5.0;
				TARGETED_DEVICE_FAMILY = 1;
			};
			name = Debug;
		};
		3E0C36102D2F893D003B669D /* Release */ = {
			isa = XCBuildConfiguration;
			baseConfigurationReference = 8F677AF79A1CB3BAE65C9B56 /* Pods-ProductsApp.release.xcconfig */;
			buildSettings = {
				ASSETCATALOG_COMPILER_APPICON_NAME = AppIcon;
				ASSETCATALOG_COMPILER_GLOBAL_ACCENT_COLOR_NAME = AccentColor;
				CODE_SIGN_STYLE = Manual;
				CURRENT_PROJECT_VERSION = 1;
				DEVELOPMENT_TEAM = "";
				ENABLE_USER_SCRIPT_SANDBOXING = NO;
				GENERATE_INFOPLIST_FILE = YES;
				INFOPLIST_FILE = "ProductsApp/Supporting Files/Info.plist";
				INFOPLIST_KEY_UIApplicationSupportsIndirectInputEvents = YES;
				INFOPLIST_KEY_UILaunchStoryboardName = LaunchScreen;
				INFOPLIST_KEY_UIMainStoryboardFile = Main;
				INFOPLIST_KEY_UISupportedInterfaceOrientations = UIInterfaceOrientationPortrait;
				INFOPLIST_KEY_UIUserInterfaceStyle = Light;
				LD_RUNPATH_SEARCH_PATHS = (
					"$(inherited)",
					"@executable_path/Frameworks",
				);
				MARKETING_VERSION = 1.0;
				PRODUCT_BUNDLE_IDENTIFIER = com.tc.ProductsApp;
				PRODUCT_NAME = "$(TARGET_NAME)";
				PROVISIONING_PROFILE_SPECIFIER = "";
				SUPPORTED_PLATFORMS = "iphoneos iphonesimulator";
				SUPPORTS_MACCATALYST = NO;
				SUPPORTS_MAC_DESIGNED_FOR_IPHONE_IPAD = NO;
				SUPPORTS_XR_DESIGNED_FOR_IPHONE_IPAD = NO;
				SWIFT_EMIT_LOC_STRINGS = YES;
				SWIFT_VERSION = 5.0;
				TARGETED_DEVICE_FAMILY = 1;
			};
			name = Release;
		};
		3E0C36112D2F893D003B669D /* Debug */ = {
			isa = XCBuildConfiguration;
			buildSettings = {
				ALWAYS_SEARCH_USER_PATHS = NO;
				ASSETCATALOG_COMPILER_GENERATE_SWIFT_ASSET_SYMBOL_EXTENSIONS = YES;
				CLANG_ANALYZER_NONNULL = YES;
				CLANG_ANALYZER_NUMBER_OBJECT_CONVERSION = YES_AGGRESSIVE;
				CLANG_CXX_LANGUAGE_STANDARD = "gnu++20";
				CLANG_ENABLE_MODULES = YES;
				CLANG_ENABLE_OBJC_ARC = YES;
				CLANG_ENABLE_OBJC_WEAK = YES;
				CLANG_WARN_BLOCK_CAPTURE_AUTORELEASING = YES;
				CLANG_WARN_BOOL_CONVERSION = YES;
				CLANG_WARN_COMMA = YES;
				CLANG_WARN_CONSTANT_CONVERSION = YES;
				CLANG_WARN_DEPRECATED_OBJC_IMPLEMENTATIONS = YES;
				CLANG_WARN_DIRECT_OBJC_ISA_USAGE = YES_ERROR;
				CLANG_WARN_DOCUMENTATION_COMMENTS = YES;
				CLANG_WARN_EMPTY_BODY = YES;
				CLANG_WARN_ENUM_CONVERSION = YES;
				CLANG_WARN_INFINITE_RECURSION = YES;
				CLANG_WARN_INT_CONVERSION = YES;
				CLANG_WARN_NON_LITERAL_NULL_CONVERSION = YES;
				CLANG_WARN_OBJC_IMPLICIT_RETAIN_SELF = YES;
				CLANG_WARN_OBJC_LITERAL_CONVERSION = YES;
				CLANG_WARN_OBJC_ROOT_CLASS = YES_ERROR;
				CLANG_WARN_QUOTED_INCLUDE_IN_FRAMEWORK_HEADER = YES;
				CLANG_WARN_RANGE_LOOP_ANALYSIS = YES;
				CLANG_WARN_STRICT_PROTOTYPES = YES;
				CLANG_WARN_SUSPICIOUS_MOVE = YES;
				CLANG_WARN_UNGUARDED_AVAILABILITY = YES_AGGRESSIVE;
				CLANG_WARN_UNREACHABLE_CODE = YES;
				CLANG_WARN__DUPLICATE_METHOD_MATCH = YES;
				COPY_PHASE_STRIP = NO;
				DEBUG_INFORMATION_FORMAT = dwarf;
				ENABLE_STRICT_OBJC_MSGSEND = YES;
				ENABLE_TESTABILITY = YES;
				ENABLE_USER_SCRIPT_SANDBOXING = YES;
				GCC_C_LANGUAGE_STANDARD = gnu17;
				GCC_DYNAMIC_NO_PIC = NO;
				GCC_NO_COMMON_BLOCKS = YES;
				GCC_OPTIMIZATION_LEVEL = 0;
				GCC_PREPROCESSOR_DEFINITIONS = (
					"DEBUG=1",
					"$(inherited)",
				);
				GCC_WARN_64_TO_32_BIT_CONVERSION = YES;
				GCC_WARN_ABOUT_RETURN_TYPE = YES_ERROR;
				GCC_WARN_UNDECLARED_SELECTOR = YES;
				GCC_WARN_UNINITIALIZED_AUTOS = YES_AGGRESSIVE;
				GCC_WARN_UNUSED_FUNCTION = YES;
				GCC_WARN_UNUSED_VARIABLE = YES;
				IPHONEOS_DEPLOYMENT_TARGET = 18.2;
				LOCALIZATION_PREFERS_STRING_CATALOGS = YES;
				MTL_ENABLE_DEBUG_INFO = INCLUDE_SOURCE;
				MTL_FAST_MATH = YES;
				ONLY_ACTIVE_ARCH = YES;
				SDKROOT = iphoneos;
				SWIFT_ACTIVE_COMPILATION_CONDITIONS = "DEBUG $(inherited)";
				SWIFT_OPTIMIZATION_LEVEL = "-Onone";
			};
			name = Debug;
		};
		3E0C36122D2F893D003B669D /* Release */ = {
			isa = XCBuildConfiguration;
			buildSettings = {
				ALWAYS_SEARCH_USER_PATHS = NO;
				ASSETCATALOG_COMPILER_GENERATE_SWIFT_ASSET_SYMBOL_EXTENSIONS = YES;
				CLANG_ANALYZER_NONNULL = YES;
				CLANG_ANALYZER_NUMBER_OBJECT_CONVERSION = YES_AGGRESSIVE;
				CLANG_CXX_LANGUAGE_STANDARD = "gnu++20";
				CLANG_ENABLE_MODULES = YES;
				CLANG_ENABLE_OBJC_ARC = YES;
				CLANG_ENABLE_OBJC_WEAK = YES;
				CLANG_WARN_BLOCK_CAPTURE_AUTORELEASING = YES;
				CLANG_WARN_BOOL_CONVERSION = YES;
				CLANG_WARN_COMMA = YES;
				CLANG_WARN_CONSTANT_CONVERSION = YES;
				CLANG_WARN_DEPRECATED_OBJC_IMPLEMENTATIONS = YES;
				CLANG_WARN_DIRECT_OBJC_ISA_USAGE = YES_ERROR;
				CLANG_WARN_DOCUMENTATION_COMMENTS = YES;
				CLANG_WARN_EMPTY_BODY = YES;
				CLANG_WARN_ENUM_CONVERSION = YES;
				CLANG_WARN_INFINITE_RECURSION = YES;
				CLANG_WARN_INT_CONVERSION = YES;
				CLANG_WARN_NON_LITERAL_NULL_CONVERSION = YES;
				CLANG_WARN_OBJC_IMPLICIT_RETAIN_SELF = YES;
				CLANG_WARN_OBJC_LITERAL_CONVERSION = YES;
				CLANG_WARN_OBJC_ROOT_CLASS = YES_ERROR;
				CLANG_WARN_QUOTED_INCLUDE_IN_FRAMEWORK_HEADER = YES;
				CLANG_WARN_RANGE_LOOP_ANALYSIS = YES;
				CLANG_WARN_STRICT_PROTOTYPES = YES;
				CLANG_WARN_SUSPICIOUS_MOVE = YES;
				CLANG_WARN_UNGUARDED_AVAILABILITY = YES_AGGRESSIVE;
				CLANG_WARN_UNREACHABLE_CODE = YES;
				CLANG_WARN__DUPLICATE_METHOD_MATCH = YES;
				COPY_PHASE_STRIP = NO;
				DEBUG_INFORMATION_FORMAT = "dwarf-with-dsym";
				ENABLE_NS_ASSERTIONS = NO;
				ENABLE_STRICT_OBJC_MSGSEND = YES;
				ENABLE_USER_SCRIPT_SANDBOXING = YES;
				GCC_C_LANGUAGE_STANDARD = gnu17;
				GCC_NO_COMMON_BLOCKS = YES;
				GCC_WARN_64_TO_32_BIT_CONVERSION = YES;
				GCC_WARN_ABOUT_RETURN_TYPE = YES_ERROR;
				GCC_WARN_UNDECLARED_SELECTOR = YES;
				GCC_WARN_UNINITIALIZED_AUTOS = YES_AGGRESSIVE;
				GCC_WARN_UNUSED_FUNCTION = YES;
				GCC_WARN_UNUSED_VARIABLE = YES;
				IPHONEOS_DEPLOYMENT_TARGET = 18.2;
				LOCALIZATION_PREFERS_STRING_CATALOGS = YES;
				MTL_ENABLE_DEBUG_INFO = NO;
				MTL_FAST_MATH = YES;
				SDKROOT = iphoneos;
				SWIFT_COMPILATION_MODE = wholemodule;
				VALIDATE_PRODUCT = YES;
			};
			name = Release;
		};
		3E0C36142D2F893D003B669D /* Debug */ = {
			isa = XCBuildConfiguration;
			baseConfigurationReference = 7CD2268F1185539AF9187A0A /* Pods-ProductsAppTests.debug.xcconfig */;
			buildSettings = {
				BUNDLE_LOADER = "$(TEST_HOST)";
				CODE_SIGN_STYLE = Automatic;
				CURRENT_PROJECT_VERSION = 1;
				GENERATE_INFOPLIST_FILE = YES;
				IPHONEOS_DEPLOYMENT_TARGET = 18.2;
				MARKETING_VERSION = 1.0;
				PRODUCT_BUNDLE_IDENTIFIER = com.tc.ProductsAppTests;
				PRODUCT_NAME = "$(TARGET_NAME)";
				SWIFT_EMIT_LOC_STRINGS = NO;
				SWIFT_VERSION = 5.0;
				TARGETED_DEVICE_FAMILY = "1,2";
				TEST_HOST = "$(BUILT_PRODUCTS_DIR)/ProductsApp.app/$(BUNDLE_EXECUTABLE_FOLDER_PATH)/ProductsApp";
			};
			name = Debug;
		};
		3E0C36152D2F893D003B669D /* Release */ = {
			isa = XCBuildConfiguration;
			baseConfigurationReference = 22BAE07BDF798A22D2D0A2C6 /* Pods-ProductsAppTests.release.xcconfig */;
			buildSettings = {
				BUNDLE_LOADER = "$(TEST_HOST)";
				CODE_SIGN_STYLE = Automatic;
				CURRENT_PROJECT_VERSION = 1;
				GENERATE_INFOPLIST_FILE = YES;
				IPHONEOS_DEPLOYMENT_TARGET = 18.2;
				MARKETING_VERSION = 1.0;
				PRODUCT_BUNDLE_IDENTIFIER = com.tc.ProductsAppTests;
				PRODUCT_NAME = "$(TARGET_NAME)";
				SWIFT_EMIT_LOC_STRINGS = NO;
				SWIFT_VERSION = 5.0;
				TARGETED_DEVICE_FAMILY = "1,2";
				TEST_HOST = "$(BUILT_PRODUCTS_DIR)/ProductsApp.app/$(BUNDLE_EXECUTABLE_FOLDER_PATH)/ProductsApp";
			};
			name = Release;
		};
		3E0C36172D2F893D003B669D /* Debug */ = {
			isa = XCBuildConfiguration;
			baseConfigurationReference = 0F6B0522B7ADC9B5D8679CF3 /* Pods-ProductsApp-ProductsAppUITests.debug.xcconfig */;
			buildSettings = {
				CODE_SIGN_STYLE = Automatic;
				CURRENT_PROJECT_VERSION = 1;
				GENERATE_INFOPLIST_FILE = YES;
				MARKETING_VERSION = 1.0;
				PRODUCT_BUNDLE_IDENTIFIER = com.tc.ProductsAppUITests;
				PRODUCT_NAME = "$(TARGET_NAME)";
				SWIFT_EMIT_LOC_STRINGS = NO;
				SWIFT_VERSION = 5.0;
				TARGETED_DEVICE_FAMILY = "1,2";
				TEST_TARGET_NAME = ProductsApp;
			};
			name = Debug;
		};
		3E0C36182D2F893D003B669D /* Release */ = {
			isa = XCBuildConfiguration;
			baseConfigurationReference = D59DE4DA2CD8D0E53AD9513B /* Pods-ProductsApp-ProductsAppUITests.release.xcconfig */;
			buildSettings = {
				CODE_SIGN_STYLE = Automatic;
				CURRENT_PROJECT_VERSION = 1;
				GENERATE_INFOPLIST_FILE = YES;
				MARKETING_VERSION = 1.0;
				PRODUCT_BUNDLE_IDENTIFIER = com.tc.ProductsAppUITests;
				PRODUCT_NAME = "$(TARGET_NAME)";
				SWIFT_EMIT_LOC_STRINGS = NO;
				SWIFT_VERSION = 5.0;
				TARGETED_DEVICE_FAMILY = "1,2";
				TEST_TARGET_NAME = ProductsApp;
			};
			name = Release;
		};
/* End XCBuildConfiguration section */

/* Begin XCConfigurationList section */
		3E0C35E02D2F8939003B669D /* Build configuration list for PBXProject "ProductsApp" */ = {
			isa = XCConfigurationList;
			buildConfigurations = (
				3E0C36112D2F893D003B669D /* Debug */,
				3E0C36122D2F893D003B669D /* Release */,
			);
			defaultConfigurationIsVisible = 0;
			defaultConfigurationName = Release;
		};
		3E0C360E2D2F893D003B669D /* Build configuration list for PBXNativeTarget "ProductsApp" */ = {
			isa = XCConfigurationList;
			buildConfigurations = (
				3E0C360F2D2F893D003B669D /* Debug */,
				3E0C36102D2F893D003B669D /* Release */,
			);
			defaultConfigurationIsVisible = 0;
			defaultConfigurationName = Release;
		};
		3E0C36132D2F893D003B669D /* Build configuration list for PBXNativeTarget "ProductsAppTests" */ = {
			isa = XCConfigurationList;
			buildConfigurations = (
				3E0C36142D2F893D003B669D /* Debug */,
				3E0C36152D2F893D003B669D /* Release */,
			);
			defaultConfigurationIsVisible = 0;
			defaultConfigurationName = Release;
		};
		3E0C36162D2F893D003B669D /* Build configuration list for PBXNativeTarget "ProductsAppUITests" */ = {
			isa = XCConfigurationList;
			buildConfigurations = (
				3E0C36172D2F893D003B669D /* Debug */,
				3E0C36182D2F893D003B669D /* Release */,
			);
			defaultConfigurationIsVisible = 0;
			defaultConfigurationName = Release;
		};
/* End XCConfigurationList section */
	};
	rootObject = 3E0C35DD2D2F8939003B669D /* Project object */;
}
